// !$*UTF8*$!
{
	archiveVersion = 1;
	classes = {
	};
	objectVersion = 56;
	objects = {

/* Begin PBXBuildFile section */
		86E129CA2A16611800B178A1 /* Temperature_ConversionApp.swift in Sources */ = {isa = PBXBuildFile; fileRef = 86E129C92A16611800B178A1 /* Temperature_ConversionApp.swift */; };
		86E129CC2A16611800B178A1 /* ContentView.swift in Sources */ = {isa = PBXBuildFile; fileRef = 86E129CB2A16611800B178A1 /* ContentView.swift */; };
		86E129CE2A16611900B178A1 /* Assets.xcassets in Resources */ = {isa = PBXBuildFile; fileRef = 86E129CD2A16611900B178A1 /* Assets.xcassets */; };
		86E129D12A16611900B178A1 /* Preview Assets.xcassets in Resources */ = {isa = PBXBuildFile; fileRef = 86E129D02A16611900B178A1 /* Preview Assets.xcassets */; };
		86E129DB2A16611900B178A1 /* Temperature_ConversionTests.swift in Sources */ = {isa = PBXBuildFile; fileRef = 86E129DA2A16611900B178A1 /* Temperature_ConversionTests.swift */; };
		86E129E52A16611900B178A1 /* Temperature_ConversionUITests.swift in Sources */ = {isa = PBXBuildFile; fileRef = 86E129E42A16611900B178A1 /* Temperature_ConversionUITests.swift */; };
		86E129E72A16611900B178A1 /* Temperature_ConversionUITestsLaunchTests.swift in Sources */ = {isa = PBXBuildFile; fileRef = 86E129E62A16611900B178A1 /* Temperature_ConversionUITestsLaunchTests.swift */; };
/* End PBXBuildFile section */

/* Begin PBXContainerItemProxy section */
		86E129D72A16611900B178A1 /* PBXContainerItemProxy */ = {
			isa = PBXContainerItemProxy;
			containerPortal = 86E129BE2A16611800B178A1 /* Project object */;
			proxyType = 1;
			remoteGlobalIDString = 86E129C52A16611800B178A1;
			remoteInfo = "Temperature Conversion";
		};
		86E129E12A16611900B178A1 /* PBXContainerItemProxy */ = {
			isa = PBXContainerItemProxy;
			containerPortal = 86E129BE2A16611800B178A1 /* Project object */;
			proxyType = 1;
			remoteGlobalIDString = 86E129C52A16611800B178A1;
			remoteInfo = "Temperature Conversion";
		};
/* End PBXContainerItemProxy section */

/* Begin PBXFileReference section */
		86E129C62A16611800B178A1 /* Temperature Conversion.app */ = {isa = PBXFileReference; explicitFileType = wrapper.application; includeInIndex = 0; path = "Temperature Conversion.app"; sourceTree = BUILT_PRODUCTS_DIR; };
		86E129C92A16611800B178A1 /* Temperature_ConversionApp.swift */ = {isa = PBXFileReference; lastKnownFileType = sourcecode.swift; path = Temperature_ConversionApp.swift; sourceTree = "<group>"; };
		86E129CB2A16611800B178A1 /* ContentView.swift */ = {isa = PBXFileReference; lastKnownFileType = sourcecode.swift; path = ContentView.swift; sourceTree = "<group>"; };
		86E129CD2A16611900B178A1 /* Assets.xcassets */ = {isa = PBXFileReference; lastKnownFileType = folder.assetcatalog; path = Assets.xcassets; sourceTree = "<group>"; };
		86E129D02A16611900B178A1 /* Preview Assets.xcassets */ = {isa = PBXFileReference; lastKnownFileType = folder.assetcatalog; path = "Preview Assets.xcassets"; sourceTree = "<group>"; };
		86E129D62A16611900B178A1 /* Temperature ConversionTests.xctest */ = {isa = PBXFileReference; explicitFileType = wrapper.cfbundle; includeInIndex = 0; path = "Temperature ConversionTests.xctest"; sourceTree = BUILT_PRODUCTS_DIR; };
		86E129DA2A16611900B178A1 /* Temperature_ConversionTests.swift */ = {isa = PBXFileReference; lastKnownFileType = sourcecode.swift; path = Temperature_ConversionTests.swift; sourceTree = "<group>"; };
		86E129E02A16611900B178A1 /* Temperature ConversionUITests.xctest */ = {isa = PBXFileReference; explicitFileType = wrapper.cfbundle; includeInIndex = 0; path = "Temperature ConversionUITests.xctest"; sourceTree = BUILT_PRODUCTS_DIR; };
		86E129E42A16611900B178A1 /* Temperature_ConversionUITests.swift */ = {isa = PBXFileReference; lastKnownFileType = sourcecode.swift; path = Temperature_ConversionUITests.swift; sourceTree = "<group>"; };
		86E129E62A16611900B178A1 /* Temperature_ConversionUITestsLaunchTests.swift */ = {isa = PBXFileReference; lastKnownFileType = sourcecode.swift; path = Temperature_ConversionUITestsLaunchTests.swift; sourceTree = "<group>"; };
/* End PBXFileReference section */

/* Begin PBXFrameworksBuildPhase section */
		86E129C32A16611800B178A1 /* Frameworks */ = {
			isa = PBXFrameworksBuildPhase;
			buildActionMask = 2147483647;
			files = (
			);
			runOnlyForDeploymentPostprocessing = 0;
		};
		86E129D32A16611900B178A1 /* Frameworks */ = {
			isa = PBXFrameworksBuildPhase;
			buildActionMask = 2147483647;
			files = (
			);
			runOnlyForDeploymentPostprocessing = 0;
		};
		86E129DD2A16611900B178A1 /* Frameworks */ = {
			isa = PBXFrameworksBuildPhase;
			buildActionMask = 2147483647;
			files = (
			);
			runOnlyForDeploymentPostprocessing = 0;
		};
/* End PBXFrameworksBuildPhase section */

/* Begin PBXGroup section */
		86E129BD2A16611800B178A1 = {
			isa = PBXGroup;
			children = (
				86E129C82A16611800B178A1 /* Temperature Conversion */,
				86E129D92A16611900B178A1 /* Temperature ConversionTests */,
				86E129E32A16611900B178A1 /* Temperature ConversionUITests */,
				86E129C72A16611800B178A1 /* Products */,
			);
			sourceTree = "<group>";
		};
		86E129C72A16611800B178A1 /* Products */ = {
			isa = PBXGroup;
			children = (
				86E129C62A16611800B178A1 /* Temperature Conversion.app */,
				86E129D62A16611900B178A1 /* Temperature ConversionTests.xctest */,
				86E129E02A16611900B178A1 /* Temperature ConversionUITests.xctest */,
			);
			name = Products;
			sourceTree = "<group>";
		};
		86E129C82A16611800B178A1 /* Temperature Conversion */ = {
			isa = PBXGroup;
			children = (
				86E129C92A16611800B178A1 /* Temperature_ConversionApp.swift */,
				86E129CB2A16611800B178A1 /* ContentView.swift */,
				86E129CD2A16611900B178A1 /* Assets.xcassets */,
				86E129CF2A16611900B178A1 /* Preview Content */,
			);
			path = "Temperature Conversion";
			sourceTree = "<group>";
		};
		86E129CF2A16611900B178A1 /* Preview Content */ = {
			isa = PBXGroup;
			children = (
				86E129D02A16611900B178A1 /* Preview Assets.xcassets */,
			);
			path = "Preview Content";
			sourceTree = "<group>";
		};
		86E129D92A16611900B178A1 /* Temperature ConversionTests */ = {
			isa = PBXGroup;
			children = (
				86E129DA2A16611900B178A1 /* Temperature_ConversionTests.swift */,
			);
			path = "Temperature ConversionTests";
			sourceTree = "<group>";
		};
		86E129E32A16611900B178A1 /* Temperature ConversionUITests */ = {
			isa = PBXGroup;
			children = (
				86E129E42A16611900B178A1 /* Temperature_ConversionUITests.swift */,
				86E129E62A16611900B178A1 /* Temperature_ConversionUITestsLaunchTests.swift */,
			);
			path = "Temperature ConversionUITests";
			sourceTree = "<group>";
		};
/* End PBXGroup section */

/* Begin PBXNativeTarget section */
		86E129C52A16611800B178A1 /* Temperature Conversion */ = {
			isa = PBXNativeTarget;
			buildConfigurationList = 86E129EA2A16611900B178A1 /* Build configuration list for PBXNativeTarget "Temperature Conversion" */;
			buildPhases = (
				86E129C22A16611800B178A1 /* Sources */,
				86E129C32A16611800B178A1 /* Frameworks */,
				86E129C42A16611800B178A1 /* Resources */,
			);
			buildRules = (
			);
			dependencies = (
			);
			name = "Temperature Conversion";
			productName = "Temperature Conversion";
			productReference = 86E129C62A16611800B178A1 /* Temperature Conversion.app */;
			productType = "com.apple.product-type.application";
		};
		86E129D52A16611900B178A1 /* Temperature ConversionTests */ = {
			isa = PBXNativeTarget;
			buildConfigurationList = 86E129ED2A16611900B178A1 /* Build configuration list for PBXNativeTarget "Temperature ConversionTests" */;
			buildPhases = (
				86E129D22A16611900B178A1 /* Sources */,
				86E129D32A16611900B178A1 /* Frameworks */,
				86E129D42A16611900B178A1 /* Resources */,
			);
			buildRules = (
			);
			dependencies = (
				86E129D82A16611900B178A1 /* PBXTargetDependency */,
			);
			name = "Temperature ConversionTests";
			productName = "Temperature ConversionTests";
			productReference = 86E129D62A16611900B178A1 /* Temperature ConversionTests.xctest */;
			productType = "com.apple.product-type.bundle.unit-test";
		};
		86E129DF2A16611900B178A1 /* Temperature ConversionUITests */ = {
			isa = PBXNativeTarget;
			buildConfigurationList = 86E129F02A16611900B178A1 /* Build configuration list for PBXNativeTarget "Temperature ConversionUITests" */;
			buildPhases = (
				86E129DC2A16611900B178A1 /* Sources */,
				86E129DD2A16611900B178A1 /* Frameworks */,
				86E129DE2A16611900B178A1 /* Resources */,
			);
			buildRules = (
			);
			dependencies = (
				86E129E22A16611900B178A1 /* PBXTargetDependency */,
			);
			name = "Temperature ConversionUITests";
			productName = "Temperature ConversionUITests";
			productReference = 86E129E02A16611900B178A1 /* Temperature ConversionUITests.xctest */;
			productType = "com.apple.product-type.bundle.ui-testing";
		};
/* End PBXNativeTarget section */

/* Begin PBXProject section */
		86E129BE2A16611800B178A1 /* Project object */ = {
			isa = PBXProject;
			attributes = {
				BuildIndependentTargetsInParallel = 1;
				LastSwiftUpdateCheck = 1430;
				LastUpgradeCheck = 1430;
				TargetAttributes = {
					86E129C52A16611800B178A1 = {
						CreatedOnToolsVersion = 14.3;
					};
					86E129D52A16611900B178A1 = {
						CreatedOnToolsVersion = 14.3;
						TestTargetID = 86E129C52A16611800B178A1;
					};
					86E129DF2A16611900B178A1 = {
						CreatedOnToolsVersion = 14.3;
						TestTargetID = 86E129C52A16611800B178A1;
					};
				};
			};
			buildConfigurationList = 86E129C12A16611800B178A1 /* Build configuration list for PBXProject "Temperature Conversion" */;
			compatibilityVersion = "Xcode 14.0";
			developmentRegion = en;
			hasScannedForEncodings = 0;
			knownRegions = (
				en,
				Base,
			);
			mainGroup = 86E129BD2A16611800B178A1;
			productRefGroup = 86E129C72A16611800B178A1 /* Products */;
			projectDirPath = "";
			projectRoot = "";
			targets = (
				86E129C52A16611800B178A1 /* Temperature Conversion */,
				86E129D52A16611900B178A1 /* Temperature ConversionTests */,
				86E129DF2A16611900B178A1 /* Temperature ConversionUITests */,
			);
		};
/* End PBXProject section */

/* Begin PBXResourcesBuildPhase section */
		86E129C42A16611800B178A1 /* Resources */ = {
			isa = PBXResourcesBuildPhase;
			buildActionMask = 2147483647;
			files = (
				86E129D12A16611900B178A1 /* Preview Assets.xcassets in Resources */,
				86E129CE2A16611900B178A1 /* Assets.xcassets in Resources */,
			);
			runOnlyForDeploymentPostprocessing = 0;
		};
		86E129D42A16611900B178A1 /* Resources */ = {
			isa = PBXResourcesBuildPhase;
			buildActionMask = 2147483647;
			files = (
			);
			runOnlyForDeploymentPostprocessing = 0;
		};
		86E129DE2A16611900B178A1 /* Resources */ = {
			isa = PBXResourcesBuildPhase;
			buildActionMask = 2147483647;
			files = (
			);
			runOnlyForDeploymentPostprocessing = 0;
		};
/* End PBXResourcesBuildPhase section */

/* Begin PBXSourcesBuildPhase section */
		86E129C22A16611800B178A1 /* Sources */ = {
			isa = PBXSourcesBuildPhase;
			buildActionMask = 2147483647;
			files = (
				86E129CC2A16611800B178A1 /* ContentView.swift in Sources */,
				86E129CA2A16611800B178A1 /* Temperature_ConversionApp.swift in Sources */,
			);
			runOnlyForDeploymentPostprocessing = 0;
		};
		86E129D22A16611900B178A1 /* Sources */ = {
			isa = PBXSourcesBuildPhase;
			buildActionMask = 2147483647;
			files = (
				86E129DB2A16611900B178A1 /* Temperature_ConversionTests.swift in Sources */,
			);
			runOnlyForDeploymentPostprocessing = 0;
		};
		86E129DC2A16611900B178A1 /* Sources */ = {
			isa = PBXSourcesBuildPhase;
			buildActionMask = 2147483647;
			files = (
				86E129E52A16611900B178A1 /* Temperature_ConversionUITests.swift in Sources */,
				86E129E72A16611900B178A1 /* Temperature_ConversionUITestsLaunchTests.swift in Sources */,
			);
			runOnlyForDeploymentPostprocessing = 0;
		};
/* End PBXSourcesBuildPhase section */

/* Begin PBXTargetDependency section */
		86E129D82A16611900B178A1 /* PBXTargetDependency */ = {
			isa = PBXTargetDependency;
			target = 86E129C52A16611800B178A1 /* Temperature Conversion */;
			targetProxy = 86E129D72A16611900B178A1 /* PBXContainerItemProxy */;
		};
		86E129E22A16611900B178A1 /* PBXTargetDependency */ = {
			isa = PBXTargetDependency;
			target = 86E129C52A16611800B178A1 /* Temperature Conversion */;
			targetProxy = 86E129E12A16611900B178A1 /* PBXContainerItemProxy */;
		};
/* End PBXTargetDependency section */

/* Begin XCBuildConfiguration section */
		86E129E82A16611900B178A1 /* Debug */ = {
			isa = XCBuildConfiguration;
			buildSettings = {
				ALWAYS_SEARCH_USER_PATHS = NO;
				CLANG_ANALYZER_NONNULL = YES;
				CLANG_ANALYZER_NUMBER_OBJECT_CONVERSION = YES_AGGRESSIVE;
				CLANG_CXX_LANGUAGE_STANDARD = "gnu++20";
				CLANG_ENABLE_MODULES = YES;
				CLANG_ENABLE_OBJC_ARC = YES;
				CLANG_ENABLE_OBJC_WEAK = YES;
				CLANG_WARN_BLOCK_CAPTURE_AUTORELEASING = YES;
				CLANG_WARN_BOOL_CONVERSION = YES;
				CLANG_WARN_COMMA = YES;
				CLANG_WARN_CONSTANT_CONVERSION = YES;
				CLANG_WARN_DEPRECATED_OBJC_IMPLEMENTATIONS = YES;
				CLANG_WARN_DIRECT_OBJC_ISA_USAGE = YES_ERROR;
				CLANG_WARN_DOCUMENTATION_COMMENTS = YES;
				CLANG_WARN_EMPTY_BODY = YES;
				CLANG_WARN_ENUM_CONVERSION = YES;
				CLANG_WARN_INFINITE_RECURSION = YES;
				CLANG_WARN_INT_CONVERSION = YES;
				CLANG_WARN_NON_LITERAL_NULL_CONVERSION = YES;
				CLANG_WARN_OBJC_IMPLICIT_RETAIN_SELF = YES;
				CLANG_WARN_OBJC_LITERAL_CONVERSION = YES;
				CLANG_WARN_OBJC_ROOT_CLASS = YES_ERROR;
				CLANG_WARN_QUOTED_INCLUDE_IN_FRAMEWORK_HEADER = YES;
				CLANG_WARN_RANGE_LOOP_ANALYSIS = YES;
				CLANG_WARN_STRICT_PROTOTYPES = YES;
				CLANG_WARN_SUSPICIOUS_MOVE = YES;
				CLANG_WARN_UNGUARDED_AVAILABILITY = YES_AGGRESSIVE;
				CLANG_WARN_UNREACHABLE_CODE = YES;
				CLANG_WARN__DUPLICATE_METHOD_MATCH = YES;
				COPY_PHASE_STRIP = NO;
				DEBUG_INFORMATION_FORMAT = dwarf;
				ENABLE_STRICT_OBJC_MSGSEND = YES;
				ENABLE_TESTABILITY = YES;
				GCC_C_LANGUAGE_STANDARD = gnu11;
				GCC_DYNAMIC_NO_PIC = NO;
				GCC_NO_COMMON_BLOCKS = YES;
				GCC_OPTIMIZATION_LEVEL = 0;
				GCC_PREPROCESSOR_DEFINITIONS = (
					"DEBUG=1",
					"$(inherited)",
				);
				GCC_WARN_64_TO_32_BIT_CONVERSION = YES;
				GCC_WARN_ABOUT_RETURN_TYPE = YES_ERROR;
				GCC_WARN_UNDECLARED_SELECTOR = YES;
				GCC_WARN_UNINITIALIZED_AUTOS = YES_AGGRESSIVE;
				GCC_WARN_UNUSED_FUNCTION = YES;
				GCC_WARN_UNUSED_VARIABLE = YES;
				IPHONEOS_DEPLOYMENT_TARGET = 16.4;
				MTL_ENABLE_DEBUG_INFO = INCLUDE_SOURCE;
				MTL_FAST_MATH = YES;
				ONLY_ACTIVE_ARCH = YES;
				SDKROOT = iphoneos;
				SWIFT_ACTIVE_COMPILATION_CONDITIONS = DEBUG;
				SWIFT_OPTIMIZATION_LEVEL = "-Onone";
			};
			name = Debug;
		};
		86E129E92A16611900B178A1 /* Release */ = {
			isa = XCBuildConfiguration;
			buildSettings = {
				ALWAYS_SEARCH_USER_PATHS = NO;
				CLANG_ANALYZER_NONNULL = YES;
				CLANG_ANALYZER_NUMBER_OBJECT_CONVERSION = YES_AGGRESSIVE;
				CLANG_CXX_LANGUAGE_STANDARD = "gnu++20";
				CLANG_ENABLE_MODULES = YES;
				CLANG_ENABLE_OBJC_ARC = YES;
				CLANG_ENABLE_OBJC_WEAK = YES;
				CLANG_WARN_BLOCK_CAPTURE_AUTORELEASING = YES;
				CLANG_WARN_BOOL_CONVERSION = YES;
				CLANG_WARN_COMMA = YES;
				CLANG_WARN_CONSTANT_CONVERSION = YES;
				CLANG_WARN_DEPRECATED_OBJC_IMPLEMENTATIONS = YES;
				CLANG_WARN_DIRECT_OBJC_ISA_USAGE = YES_ERROR;
				CLANG_WARN_DOCUMENTATION_COMMENTS = YES;
				CLANG_WARN_EMPTY_BODY = YES;
				CLANG_WARN_ENUM_CONVERSION = YES;
				CLANG_WARN_INFINITE_RECURSION = YES;
				CLANG_WARN_INT_CONVERSION = YES;
				CLANG_WARN_NON_LITERAL_NULL_CONVERSION = YES;
				CLANG_WARN_OBJC_IMPLICIT_RETAIN_SELF = YES;
				CLANG_WARN_OBJC_LITERAL_CONVERSION = YES;
				CLANG_WARN_OBJC_ROOT_CLASS = YES_ERROR;
				CLANG_WARN_QUOTED_INCLUDE_IN_FRAMEWORK_HEADER = YES;
				CLANG_WARN_RANGE_LOOP_ANALYSIS = YES;
				CLANG_WARN_STRICT_PROTOTYPES = YES;
				CLANG_WARN_SUSPICIOUS_MOVE = YES;
				CLANG_WARN_UNGUARDED_AVAILABILITY = YES_AGGRESSIVE;
				CLANG_WARN_UNREACHABLE_CODE = YES;
				CLANG_WARN__DUPLICATE_METHOD_MATCH = YES;
				COPY_PHASE_STRIP = NO;
				DEBUG_INFORMATION_FORMAT = "dwarf-with-dsym";
				ENABLE_NS_ASSERTIONS = NO;
				ENABLE_STRICT_OBJC_MSGSEND = YES;
				GCC_C_LANGUAGE_STANDARD = gnu11;
				GCC_NO_COMMON_BLOCKS = YES;
				GCC_WARN_64_TO_32_BIT_CONVERSION = YES;
				GCC_WARN_ABOUT_RETURN_TYPE = YES_ERROR;
				GCC_WARN_UNDECLARED_SELECTOR = YES;
				GCC_WARN_UNINITIALIZED_AUTOS = YES_AGGRESSIVE;
				GCC_WARN_UNUSED_FUNCTION = YES;
				GCC_WARN_UNUSED_VARIABLE = YES;
				IPHONEOS_DEPLOYMENT_TARGET = 16.4;
				MTL_ENABLE_DEBUG_INFO = NO;
				MTL_FAST_MATH = YES;
				SDKROOT = iphoneos;
				SWIFT_COMPILATION_MODE = wholemodule;
				SWIFT_OPTIMIZATION_LEVEL = "-O";
				VALIDATE_PRODUCT = YES;
			};
			name = Release;
		};
		86E129EB2A16611900B178A1 /* Debug */ = {
			isa = XCBuildConfiguration;
			buildSettings = {
				ASSETCATALOG_COMPILER_APPICON_NAME = AppIcon;
				ASSETCATALOG_COMPILER_GLOBAL_ACCENT_COLOR_NAME = AccentColor;
				CODE_SIGN_STYLE = Automatic;
				CURRENT_PROJECT_VERSION = 1;
				DEVELOPMENT_ASSET_PATHS = "\"Temperature Conversion/Preview Content\"";
				ENABLE_PREVIEWS = YES;
				GENERATE_INFOPLIST_FILE = YES;
				INFOPLIST_KEY_UIApplicationSceneManifest_Generation = YES;
				INFOPLIST_KEY_UIApplicationSupportsIndirectInputEvents = YES;
				INFOPLIST_KEY_UILaunchScreen_Generation = YES;
				INFOPLIST_KEY_UISupportedInterfaceOrientations_iPad = "UIInterfaceOrientationPortrait UIInterfaceOrientationPortraitUpsideDown UIInterfaceOrientationLandscapeLeft UIInterfaceOrientationLandscapeRight";
				INFOPLIST_KEY_UISupportedInterfaceOrientations_iPhone = "UIInterfaceOrientationPortrait UIInterfaceOrientationLandscapeLeft UIInterfaceOrientationLandscapeRight";
				LD_RUNPATH_SEARCH_PATHS = (
					"$(inherited)",
					"@executable_path/Frameworks",
				);
				MARKETING_VERSION = 1.0;
				PRODUCT_BUNDLE_IDENTIFIER = "com.example1.Temperature-Conversion";
				PRODUCT_NAME = "$(TARGET_NAME)";
				SWIFT_EMIT_LOC_STRINGS = YES;
				SWIFT_VERSION = 5.0;
				TARGETED_DEVICE_FAMILY = "1,2";
			};
			name = Debug;
		};
		86E129EC2A16611900B178A1 /* Release */ = {
			isa = XCBuildConfiguration;
			buildSettings = {
				ASSETCATALOG_COMPILER_APPICON_NAME = AppIcon;
				ASSETCATALOG_COMPILER_GLOBAL_ACCENT_COLOR_NAME = AccentColor;
				CODE_SIGN_STYLE = Automatic;
				CURRENT_PROJECT_VERSION = 1;
				DEVELOPMENT_ASSET_PATHS = "\"Temperature Conversion/Preview Content\"";
				ENABLE_PREVIEWS = YES;
				GENERATE_INFOPLIST_FILE = YES;
				INFOPLIST_KEY_UIApplicationSceneManifest_Generation = YES;
				INFOPLIST_KEY_UIApplicationSupportsIndirectInputEvents = YES;
				INFOPLIST_KEY_UILaunchScreen_Generation = YES;
				INFOPLIST_KEY_UISupportedInterfaceOrientations_iPad = "UIInterfaceOrientationPortrait UIInterfaceOrientationPortraitUpsideDown UIInterfaceOrientationLandscapeLeft UIInterfaceOrientationLandscapeRight";
				INFOPLIST_KEY_UISupportedInterfaceOrientations_iPhone = "UIInterfaceOrientationPortrait UIInterfaceOrientationLandscapeLeft UIInterfaceOrientationLandscapeRight";
				LD_RUNPATH_SEARCH_PATHS = (
					"$(inherited)",
					"@executable_path/Frameworks",
				);
				MARKETING_VERSION = 1.0;
				PRODUCT_BUNDLE_IDENTIFIER = "com.example1.Temperature-Conversion";
				PRODUCT_NAME = "$(TARGET_NAME)";
				SWIFT_EMIT_LOC_STRINGS = YES;
				SWIFT_VERSION = 5.0;
				TARGETED_DEVICE_FAMILY = "1,2";
			};
			name = Release;
		};
		86E129EE2A16611900B178A1 /* Debug */ = {
			isa = XCBuildConfiguration;
			buildSettings = {
				ALWAYS_EMBED_SWIFT_STANDARD_LIBRARIES = YES;
				BUNDLE_LOADER = "$(TEST_HOST)";
				CODE_SIGN_STYLE = Automatic;
				CURRENT_PROJECT_VERSION = 1;
				GENERATE_INFOPLIST_FILE = YES;
				IPHONEOS_DEPLOYMENT_TARGET = 16.4;
				MARKETING_VERSION = 1.0;
				PRODUCT_BUNDLE_IDENTIFIER = "com.example1.Temperature-ConversionTests";
				PRODUCT_NAME = "$(TARGET_NAME)";
				SWIFT_EMIT_LOC_STRINGS = NO;
				SWIFT_VERSION = 5.0;
				TARGETED_DEVICE_FAMILY = "1,2";
				TEST_HOST = "$(BUILT_PRODUCTS_DIR)/Temperature Conversion.app/$(BUNDLE_EXECUTABLE_FOLDER_PATH)/Temperature Conversion";
			};
			name = Debug;
		};
		86E129EF2A16611900B178A1 /* Release */ = {
			isa = XCBuildConfiguration;
			buildSettings = {
				ALWAYS_EMBED_SWIFT_STANDARD_LIBRARIES = YES;
				BUNDLE_LOADER = "$(TEST_HOST)";
				CODE_SIGN_STYLE = Automatic;
				CURRENT_PROJECT_VERSION = 1;
				GENERATE_INFOPLIST_FILE = YES;
				IPHONEOS_DEPLOYMENT_TARGET = 16.4;
				MARKETING_VERSION = 1.0;
				PRODUCT_BUNDLE_IDENTIFIER = "com.example1.Temperature-ConversionTests";
				PRODUCT_NAME = "$(TARGET_NAME)";
				SWIFT_EMIT_LOC_STRINGS = NO;
				SWIFT_VERSION = 5.0;
				TARGETED_DEVICE_FAMILY = "1,2";
				TEST_HOST = "$(BUILT_PRODUCTS_DIR)/Temperature Conversion.app/$(BUNDLE_EXECUTABLE_FOLDER_PATH)/Temperature Conversion";
			};
			name = Release;
		};
		86E129F12A16611900B178A1 /* Debug */ = {
			isa = XCBuildConfiguration;
			buildSettings = {
				ALWAYS_EMBED_SWIFT_STANDARD_LIBRARIES = YES;
				CODE_SIGN_STYLE = Automatic;
				CURRENT_PROJECT_VERSION = 1;
				GENERATE_INFOPLIST_FILE = YES;
				MARKETING_VERSION = 1.0;
				PRODUCT_BUNDLE_IDENTIFIER = "com.example1.Temperature-ConversionUITests";
				PRODUCT_NAME = "$(TARGET_NAME)";
				SWIFT_EMIT_LOC_STRINGS = NO;
				SWIFT_VERSION = 5.0;
				TARGETED_DEVICE_FAMILY = "1,2";
				TEST_TARGET_NAME = "Temperature Conversion";
			};
			name = Debug;
		};
		86E129F22A16611900B178A1 /* Release */ = {
			isa = XCBuildConfiguration;
			buildSettings = {
				ALWAYS_EMBED_SWIFT_STANDARD_LIBRARIES = YES;
				CODE_SIGN_STYLE = Automatic;
				CURRENT_PROJECT_VERSION = 1;
				GENERATE_INFOPLIST_FILE = YES;
				MARKETING_VERSION = 1.0;
				PRODUCT_BUNDLE_IDENTIFIER = "com.example1.Temperature-ConversionUITests";
				PRODUCT_NAME = "$(TARGET_NAME)";
				SWIFT_EMIT_LOC_STRINGS = NO;
				SWIFT_VERSION = 5.0;
				TARGETED_DEVICE_FAMILY = "1,2";
				TEST_TARGET_NAME = "Temperature Conversion";
			};
			name = Release;
		};
/* End XCBuildConfiguration section */

/* Begin XCConfigurationList section */
		86E129C12A16611800B178A1 /* Build configuration list for PBXProject "Temperature Conversion" */ = {
			isa = XCConfigurationList;
			buildConfigurations = (
				86E129E82A16611900B178A1 /* Debug */,
				86E129E92A16611900B178A1 /* Release */,
			);
			defaultConfigurationIsVisible = 0;
			defaultConfigurationName = Release;
		};
		86E129EA2A16611900B178A1 /* Build configuration list for PBXNativeTarget "Temperature Conversion" */ = {
			isa = XCConfigurationList;
			buildConfigurations = (
				86E129EB2A16611900B178A1 /* Debug */,
				86E129EC2A16611900B178A1 /* Release */,
			);
			defaultConfigurationIsVisible = 0;
			defaultConfigurationName = Release;
		};
		86E129ED2A16611900B178A1 /* Build configuration list for PBXNativeTarget "Temperature ConversionTests" */ = {
			isa = XCConfigurationList;
			buildConfigurations = (
				86E129EE2A16611900B178A1 /* Debug */,
				86E129EF2A16611900B178A1 /* Release */,
			);
			defaultConfigurationIsVisible = 0;
			defaultConfigurationName = Release;
		};
		86E129F02A16611900B178A1 /* Build configuration list for PBXNativeTarget "Temperature ConversionUITests" */ = {
			isa = XCConfigurationList;
			buildConfigurations = (
				86E129F12A16611900B178A1 /* Debug */,
				86E129F22A16611900B178A1 /* Release */,
			);
			defaultConfigurationIsVisible = 0;
			defaultConfigurationName = Release;
		};
/* End XCConfigurationList section */
	};
	rootObject = 86E129BE2A16611800B178A1 /* Project object */;
}
